# THIS IS AN AUTOGENERATED FILE. DO NOT EDIT THIS FILE DIRECTLY.
# yarn lockfile v1


"@cyberspace.link/env@*":
  version "1.0.1"
  resolved "https://registry.yarnpkg.com/@cyberspace.link/env/-/env-1.0.1.tgz#0a043f5052a964ca098f0f1f237a0b1123862179"
  integrity sha512-Talq666Y027oQUS7073W2XKd/aQ/UXAes7SAtdoF6C+B98m8H3FDs90bjgdAOYzLdwKmkT0dGapablis3Tul3A==

js-cookie@^3.0.0:
  version "3.0.0"
  resolved "https://registry.yarnpkg.com/js-cookie/-/js-cookie-3.0.0.tgz#db1661d5459920ec95aaf186ccf74ceb4a495164"
  integrity sha512-oUbbplKuH07/XX2YD2+Q+GMiPpnVXaRz8npE7suhBH9QEkJe2W7mQ6rwuMXHue3fpfcftQwzgyvGzIHyfCSngQ==
